
Microsoft Visual Studio Solution File, Format Version 12.00
# Visual Studio Version 17
VisualStudioVersion = 17.6.33723.286
MinimumVisualStudioVersion = 10.0.40219.1
Project("{2150E333-8FDC-42A3-9474-1A3956D46DE8}") = "src", "src", "{932D8224-11F6-4D07-B109-DA28AD288A63}"
EndProject
Project("{2150E333-8FDC-42A3-9474-1A3956D46DE8}") = "Solution Items", "Solution Items", "{3AF739CD-81D8-428D-A08A-0A58372DEBF6}"
	ProjectSection(SolutionItems) = preProject
		.editorconfig = .editorconfig
		.env = .env
		Directory.Packages.props = Directory.Packages.props
		NuGet.config = NuGet.config
	EndProjectSection
EndProject
Project("{2150E333-8FDC-42A3-9474-1A3956D46DE8}") = "ApiGateways", "ApiGateways", "{4573C415-5916-4C1F-B19E-5279444C8DC8}"
EndProject
Project("{2150E333-8FDC-42A3-9474-1A3956D46DE8}") = "Services", "Services", "{8EE22167-F538-479A-953E-8D2B3BE9A770}"
EndProject
Project("{9A19103F-16F7-4668-BE54-9A1E7A4F7556}") = "WebGateway", "ApiGateways\WebGateway\WebGateway.csproj", "{6B9EDD15-D4FE-4814-AFB2-20743B4218FB}"
EndProject
Project("{9A19103F-16F7-4668-BE54-9A1E7A4F7556}") = "Common.API", "Services\Common.API\Common.API.csproj", "{30156ED0-9529-4645-BB5A-70DA6291DC88}"
EndProject
Project("{2150E333-8FDC-42A3-9474-1A3956D46DE8}") = "Identity", "Identity", "{0C7484CA-CE59-4BF1-BC95-C5A4557FD554}"
EndProject
Project("{2150E333-8FDC-42A3-9474-1A3956D46DE8}") = "Storage", "Storage", "{21C20064-F733-408F-A408-E152117A1999}"
EndProject
Project("{9A19103F-16F7-4668-BE54-9A1E7A4F7556}") = "Identity.API", "Services\Identity\Identity.API\Identity.API.csproj", "{8B5B117F-3BCF-4B4E-8472-1D6682AA6412}"
EndProject
Project("{9A19103F-16F7-4668-BE54-9A1E7A4F7556}") = "Identity.Background", "Services\Identity\Identity.Background\Identity.Background.csproj", "{7707231D-37AA-4847-9360-5C1FE205C72D}"
EndProject
Project("{9A19103F-16F7-4668-BE54-9A1E7A4F7556}") = "Storage.API", "Services\Storage\Storage.API\Storage.API.csproj", "{2FB95D61-C460-4B21-9AA0-37E32F49C261}"
EndProject
Project("{9A19103F-16F7-4668-BE54-9A1E7A4F7556}") = "WebApp", "WebApp\WebApp.csproj", "{EC706689-2113-4F38-8F82-5F61ED08A167}"
EndProject
Project("{9A19103F-16F7-4668-BE54-9A1E7A4F7556}") = "Inventory.API", "Services\Inventory\Inventory.API\Inventory.API.csproj", "{A0224226-C292-43DB-A5B4-EA3F9E8A78E1}"
EndProject
Project("{2150E333-8FDC-42A3-9474-1A3956D46DE8}") = "Inventory", "Inventory", "{E766A27A-29B5-4467-9CE2-09C794A7D0DD}"
EndProject
Project("{E53339B2-1760-4266-BCC7-CA923CBCF16C}") = "docker-compose", "docker-compose.dcproj", "{CABC5573-7EC9-4E72-8C23-E4AE22DEF7BC}"
EndProject
Project("{FAE04EC0-301F-11D3-BF4B-00C04F79EFBC}") = "BenchmarkSuite1", "BenchmarkSuite1\BenchmarkSuite1.csproj", "{A20861A9-411E-6150-BF5C-69E8196E5D22}"
EndProject
Global
	GlobalSection(SolutionConfigurationPlatforms) = preSolution
		Debug|Any CPU = Debug|Any CPU
		Debug|x64 = Debug|x64
		Release|Any CPU = Release|Any CPU
		Release|x64 = Release|x64
	EndGlobalSection
	GlobalSection(ProjectConfigurationPlatforms) = postSolution
		{6B9EDD15-D4FE-4814-AFB2-20743B4218FB}.Debug|Any CPU.ActiveCfg = Debug|Any CPU
		{6B9EDD15-D4FE-4814-AFB2-20743B4218FB}.Debug|Any CPU.Build.0 = Debug|Any CPU
		{6B9EDD15-D4FE-4814-AFB2-20743B4218FB}.Debug|x64.ActiveCfg = Debug|Any CPU
		{6B9EDD15-D4FE-4814-AFB2-20743B4218FB}.Debug|x64.Build.0 = Debug|Any CPU
		{6B9EDD15-D4FE-4814-AFB2-20743B4218FB}.Release|Any CPU.ActiveCfg = Release|Any CPU
		{6B9EDD15-D4FE-4814-AFB2-20743B4218FB}.Release|Any CPU.Build.0 = Release|Any CPU
		{6B9EDD15-D4FE-4814-AFB2-20743B4218FB}.Release|x64.ActiveCfg = Release|Any CPU
		{6B9EDD15-D4FE-4814-AFB2-20743B4218FB}.Release|x64.Build.0 = Release|Any CPU
		{30156ED0-9529-4645-BB5A-70DA6291DC88}.Debug|Any CPU.ActiveCfg = Debug|Any CPU
		{30156ED0-9529-4645-BB5A-70DA6291DC88}.Debug|Any CPU.Build.0 = Debug|Any CPU
		{30156ED0-9529-4645-BB5A-70DA6291DC88}.Debug|x64.ActiveCfg = Debug|Any CPU
		{30156ED0-9529-4645-BB5A-70DA6291DC88}.Debug|x64.Build.0 = Debug|Any CPU
		{30156ED0-9529-4645-BB5A-70DA6291DC88}.Release|Any CPU.ActiveCfg = Release|Any CPU
		{30156ED0-9529-4645-BB5A-70DA6291DC88}.Release|Any CPU.Build.0 = Release|Any CPU
		{30156ED0-9529-4645-BB5A-70DA6291DC88}.Release|x64.ActiveCfg = Release|Any CPU
		{30156ED0-9529-4645-BB5A-70DA6291DC88}.Release|x64.Build.0 = Release|Any CPU
		{8B5B117F-3BCF-4B4E-8472-1D6682AA6412}.Debug|Any CPU.ActiveCfg = Debug|Any CPU
		{8B5B117F-3BCF-4B4E-8472-1D6682AA6412}.Debug|Any CPU.Build.0 = Debug|Any CPU
		{8B5B117F-3BCF-4B4E-8472-1D6682AA6412}.Debug|x64.ActiveCfg = Debug|Any CPU
		{8B5B117F-3BCF-4B4E-8472-1D6682AA6412}.Debug|x64.Build.0 = Debug|Any CPU
		{8B5B117F-3BCF-4B4E-8472-1D6682AA6412}.Release|Any CPU.ActiveCfg = Release|Any CPU
		{8B5B117F-3BCF-4B4E-8472-1D6682AA6412}.Release|Any CPU.Build.0 = Release|Any CPU
		{8B5B117F-3BCF-4B4E-8472-1D6682AA6412}.Release|x64.ActiveCfg = Release|Any CPU
		{8B5B117F-3BCF-4B4E-8472-1D6682AA6412}.Release|x64.Build.0 = Release|Any CPU
		{7707231D-37AA-4847-9360-5C1FE205C72D}.Debug|Any CPU.ActiveCfg = Debug|Any CPU
		{7707231D-37AA-4847-9360-5C1FE205C72D}.Debug|Any CPU.Build.0 = Debug|Any CPU
		{7707231D-37AA-4847-9360-5C1FE205C72D}.Debug|x64.ActiveCfg = Debug|Any CPU
		{7707231D-37AA-4847-9360-5C1FE205C72D}.Debug|x64.Build.0 = Debug|Any CPU
		{7707231D-37AA-4847-9360-5C1FE205C72D}.Release|Any CPU.ActiveCfg = Release|Any CPU
		{7707231D-37AA-4847-9360-5C1FE205C72D}.Release|Any CPU.Build.0 = Release|Any CPU
		{7707231D-37AA-4847-9360-5C1FE205C72D}.Release|x64.ActiveCfg = Release|Any CPU
		{7707231D-37AA-4847-9360-5C1FE205C72D}.Release|x64.Build.0 = Release|Any CPU
		{2FB95D61-C460-4B21-9AA0-37E32F49C261}.Debug|Any CPU.ActiveCfg = Debug|Any CPU
		{2FB95D61-C460-4B21-9AA0-37E32F49C261}.Debug|Any CPU.Build.0 = Debug|Any CPU
		{2FB95D61-C460-4B21-9AA0-37E32F49C261}.Debug|x64.ActiveCfg = Debug|Any CPU
		{2FB95D61-C460-4B21-9AA0-37E32F49C261}.Debug|x64.Build.0 = Debug|Any CPU
		{2FB95D61-C460-4B21-9AA0-37E32F49C261}.Release|Any CPU.ActiveCfg = Release|Any CPU
		{2FB95D61-C460-4B21-9AA0-37E32F49C261}.Release|Any CPU.Build.0 = Release|Any CPU
		{2FB95D61-C460-4B21-9AA0-37E32F49C261}.Release|x64.ActiveCfg = Release|Any CPU
		{2FB95D61-C460-4B21-9AA0-37E32F49C261}.Release|x64.Build.0 = Release|Any CPU
		{EC706689-2113-4F38-8F82-5F61ED08A167}.Debug|Any CPU.ActiveCfg = Debug|Any CPU
		{EC706689-2113-4F38-8F82-5F61ED08A167}.Debug|Any CPU.Build.0 = Debug|Any CPU
		{EC706689-2113-4F38-8F82-5F61ED08A167}.Debug|x64.ActiveCfg = Debug|Any CPU
		{EC706689-2113-4F38-8F82-5F61ED08A167}.Debug|x64.Build.0 = Debug|Any CPU
		{EC706689-2113-4F38-8F82-5F61ED08A167}.Release|Any CPU.ActiveCfg = Release|Any CPU
		{EC706689-2113-4F38-8F82-5F61ED08A167}.Release|Any CPU.Build.0 = Release|Any CPU
		{EC706689-2113-4F38-8F82-5F61ED08A167}.Release|x64.ActiveCfg = Release|Any CPU
		{EC706689-2113-4F38-8F82-5F61ED08A167}.Release|x64.Build.0 = Release|Any CPU
		{A0224226-C292-43DB-A5B4-EA3F9E8A78E1}.Debug|Any CPU.ActiveCfg = Debug|Any CPU
		{A0224226-C292-43DB-A5B4-EA3F9E8A78E1}.Debug|Any CPU.Build.0 = Debug|Any CPU
		{A0224226-C292-43DB-A5B4-EA3F9E8A78E1}.Debug|x64.ActiveCfg = Debug|Any CPU
		{A0224226-C292-43DB-A5B4-EA3F9E8A78E1}.Debug|x64.Build.0 = Debug|Any CPU
		{A0224226-C292-43DB-A5B4-EA3F9E8A78E1}.Release|Any CPU.ActiveCfg = Release|Any CPU
		{A0224226-C292-43DB-A5B4-EA3F9E8A78E1}.Release|Any CPU.Build.0 = Release|Any CPU
		{A0224226-C292-43DB-A5B4-EA3F9E8A78E1}.Release|x64.ActiveCfg = Release|Any CPU
		{A0224226-C292-43DB-A5B4-EA3F9E8A78E1}.Release|x64.Build.0 = Release|Any CPU
		{CABC5573-7EC9-4E72-8C23-E4AE22DEF7BC}.Debug|Any CPU.ActiveCfg = Debug|Any CPU
		{CABC5573-7EC9-4E72-8C23-E4AE22DEF7BC}.Debug|Any CPU.Build.0 = Debug|Any CPU
		{CABC5573-7EC9-4E72-8C23-E4AE22DEF7BC}.Debug|x64.ActiveCfg = Debug|Any CPU
		{CABC5573-7EC9-4E72-8C23-E4AE22DEF7BC}.Debug|x64.Build.0 = Debug|Any CPU
		{CABC5573-7EC9-4E72-8C23-E4AE22DEF7BC}.Release|Any CPU.ActiveCfg = Release|Any CPU
		{CABC5573-7EC9-4E72-8C23-E4AE22DEF7BC}.Release|Any CPU.Build.0 = Release|Any CPU
		{CABC5573-7EC9-4E72-8C23-E4AE22DEF7BC}.Release|x64.ActiveCfg = Release|Any CPU
		{CABC5573-7EC9-4E72-8C23-E4AE22DEF7BC}.Release|x64.Build.0 = Release|Any CPU
		{A20861A9-411E-6150-BF5C-69E8196E5D22}.Debug|Any CPU.ActiveCfg = Debug|Any CPU
		{A20861A9-411E-6150-BF5C-69E8196E5D22}.Debug|Any CPU.Build.0 = Debug|Any CPU
		{A20861A9-411E-6150-BF5C-69E8196E5D22}.Debug|x64.ActiveCfg = Debug|Any CPU
		{A20861A9-411E-6150-BF5C-69E8196E5D22}.Debug|x64.Build.0 = Debug|Any CPU
		{A20861A9-411E-6150-BF5C-69E8196E5D22}.Release|Any CPU.ActiveCfg = Release|Any CPU
		{A20861A9-411E-6150-BF5C-69E8196E5D22}.Release|Any CPU.Build.0 = Release|Any CPU
		{A20861A9-411E-6150-BF5C-69E8196E5D22}.Release|x64.ActiveCfg = Release|Any CPU
		{A20861A9-411E-6150-BF5C-69E8196E5D22}.Release|x64.Build.0 = Release|Any CPU
	EndGlobalSection
	GlobalSection(SolutionProperties) = preSolution
		HideSolutionNode = FALSE
	EndGlobalSection
	GlobalSection(NestedProjects) = preSolution
		{4573C415-5916-4C1F-B19E-5279444C8DC8} = {932D8224-11F6-4D07-B109-DA28AD288A63}
		{8EE22167-F538-479A-953E-8D2B3BE9A770} = {932D8224-11F6-4D07-B109-DA28AD288A63}
		{6B9EDD15-D4FE-4814-AFB2-20743B4218FB} = {4573C415-5916-4C1F-B19E-5279444C8DC8}
		{30156ED0-9529-4645-BB5A-70DA6291DC88} = {8EE22167-F538-479A-953E-8D2B3BE9A770}
		{0C7484CA-CE59-4BF1-BC95-C5A4557FD554} = {8EE22167-F538-479A-953E-8D2B3BE9A770}
		{21C20064-F733-408F-A408-E152117A1999} = {8EE22167-F538-479A-953E-8D2B3BE9A770}
		{8B5B117F-3BCF-4B4E-8472-1D6682AA6412} = {0C7484CA-CE59-4BF1-BC95-C5A4557FD554}
		{7707231D-37AA-4847-9360-5C1FE205C72D} = {0C7484CA-CE59-4BF1-BC95-C5A4557FD554}
		{2FB95D61-C460-4B21-9AA0-37E32F49C261} = {21C20064-F733-408F-A408-E152117A1999}
		{EC706689-2113-4F38-8F82-5F61ED08A167} = {932D8224-11F6-4D07-B109-DA28AD288A63}
		{A0224226-C292-43DB-A5B4-EA3F9E8A78E1} = {E766A27A-29B5-4467-9CE2-09C794A7D0DD}
		{E766A27A-29B5-4467-9CE2-09C794A7D0DD} = {8EE22167-F538-479A-953E-8D2B3BE9A770}
	EndGlobalSection
	GlobalSection(ExtensibilityGlobals) = postSolution
		SolutionGuid = {AC316E2C-1333-4463-803C-75233A57B34E}
	EndGlobalSection
EndGlobal
